<?xml version="1.0" encoding="utf-8"?>
<Project ToolsVersion="4.0" xmlns="http://schemas.microsoft.com/developer/msbuild/2003">
  <ItemGroup>
    <Filter Include="Source Files">
      <UniqueIdentifier>{4FC737F1-C7A5-4376-A066-2A32D752A2FF}</UniqueIdentifier>
      <Extensions>cpp;c;cc;cxx;c++;cppm;ixx;def;odl;idl;hpj;bat;asm;asmx</Extensions>
    </Filter>
    <Filter Include="Header Files">
      <UniqueIdentifier>{93995380-89BD-4b04-88EB-625FBE52EBFB}</UniqueIdentifier>
      <Extensions>h;hh;hpp;hxx;h++;hm;inl;inc;ipp;xsd</Extensions>
    </Filter>
    <Filter Include="Resource Files">
      <UniqueIdentifier>{67DA6AB6-F800-4c08-8B7A-83BB121AAD01}</UniqueIdentifier>
      <Extensions>rc;ico;cur;bmp;dlg;rc2;rct;bin;rgs;gif;jpg;jpeg;jpe;resx;tiff;tif;png;wav;mfcribbon-ms</Extensions>
    </Filter>
    <Filter Include="State Stack">
      <UniqueIdentifier>{510374fd-c6aa-4add-89ef-8290a69babef}</UniqueIdentifier>
    </Filter>
    <Filter Include="Puzzle">
      <UniqueIdentifier>{b2a0089c-942d-4d5c-a754-fe0b1a44603f}</UniqueIdentifier>
    </Filter>
    <Filter Include="Puzzle\Key">
      <UniqueIdentifier>{0cd14dba-e039-411c-966f-1a91427ad00a}</UniqueIdentifier>
    </Filter>
    <Filter Include="Puzzle\Lock">
      <UniqueIdentifier>{215cfced-2ec7-4609-9fff-058466a1575e}</UniqueIdentifier>
    </Filter>
    <Filter Include="Puzzle\Lock\Base">
      <UniqueIdentifier>{ad59f71f-2e20-49fa-8faf-e4e3de174a28}</UniqueIdentifier>
    </Filter>
    <Filter Include="Puzzle\Lock\Components">
      <UniqueIdentifier>{e9cb21c6-89b7-4448-a3b1-a5a3e1ecaad3}</UniqueIdentifier>
    </Filter>
    <Filter Include="Puzzle\Listener">
      <UniqueIdentifier>{240f5373-320f-42a4-b7e9-feeeb4cc43a8}</UniqueIdentifier>
    </Filter>
    <Filter Include="Puzzle\Listener\Response">
      <UniqueIdentifier>{1b5f3997-2fa9-4e24-8bd2-9aca858346a7}</UniqueIdentifier>
    </Filter>
    <Filter Include="Puzzle\Listener\Response\Base">
      <UniqueIdentifier>{3fc611f3-d66b-432a-8d16-4920927afe4b}</UniqueIdentifier>
    </Filter>
    <Filter Include="Puzzle\Listener\Response\Components">
      <UniqueIdentifier>{91ce889c-dd9a-47bf-8360-38a690a39507}</UniqueIdentifier>
    </Filter>
    <Filter Include="Puzzle\Key\Activation">
      <UniqueIdentifier>{12ef8672-3850-4058-ac32-509ea9dc7a67}</UniqueIdentifier>
    </Filter>
    <Filter Include="Puzzle\Key\Activation\Base">
      <UniqueIdentifier>{aaa9375b-d29e-4f39-91fb-37ba31db41b8}</UniqueIdentifier>
    </Filter>
    <Filter Include="Puzzle\Key\Activation\Components">
      <UniqueIdentifier>{51c1c2df-fea0-4e28-ab52-b88c270290b0}</UniqueIdentifier>
    </Filter>
  </ItemGroup>
  <ItemGroup>
    <ClInclude Include="Game.h">
      <Filter>Header Files</Filter>
    </ClInclude>
    <ClInclude Include="stdafx.h">
      <Filter>Header Files</Filter>
    </ClInclude>
    <ClInclude Include="AIBehavior.h">
      <Filter>Header Files</Filter>
    </ClInclude>
    <ClInclude Include="AIBehaviorComponent.h">
      <Filter>Header Files</Filter>
    </ClInclude>
    <ClInclude Include="UnityFactory.h">
      <Filter>Header Files</Filter>
    </ClInclude>
    <ClInclude Include="InGameState.h">
      <Filter>State Stack</Filter>
    </ClInclude>
    <ClInclude Include="TokenPool.h">
      <Filter>Header Files</Filter>
    </ClInclude>
    <ClInclude Include="DialogueSystem.h">
      <Filter>Header Files</Filter>
    </ClInclude>
    <ClInclude Include="PopupTextService.h">
      <Filter>Header Files</Filter>
    </ClInclude>
    <ClInclude Include="CameraControllerComponent.h">
      <Filter>Header Files</Filter>
    </ClInclude>
    <ClInclude Include="CollisionEventComponent.h">
      <Filter>Header Files</Filter>
    </ClInclude>
    <ClInclude Include="NavMeshComponent.h">
      <Filter>Header Files</Filter>
    </ClInclude>
    <ClInclude Include="BinReader.h">
      <Filter>Header Files</Filter>
    </ClInclude>
    <ClInclude Include="PlayerControllerComponent.h">
      <Filter>Header Files</Filter>
    </ClInclude>
    <ClInclude Include="CharacterControllerComponent.h">
      <Filter>Header Files</Filter>
    </ClInclude>
    <ClInclude Include="AIController.h">
      <Filter>Header Files</Filter>
    </ClInclude>
    <ClInclude Include="EnemyComponent.h">
      <Filter>Header Files</Filter>
    </ClInclude>
    <ClInclude Include="GravityGloveComponent.h">
      <Filter>Header Files</Filter>
    </ClInclude>
    <ClInclude Include="BootUpState.h">
      <Filter>State Stack</Filter>
    </ClInclude>
    <ClInclude Include="PlayerComponent.h">
      <Filter>Header Files</Filter>
    </ClInclude>
    <ClInclude Include="MainMenuState.h">
      <Filter>State Stack</Filter>
    </ClInclude>
    <ClInclude Include="PauseMenuState.h">
      <Filter>Header Files</Filter>
    </ClInclude>
    <ClInclude Include="EnemyAnimationController.h">
      <Filter>Header Files</Filter>
    </ClInclude>
    <ClInclude Include="HealthPickupComponent.h">
      <Filter>Header Files</Filter>
    </ClInclude>
    <ClInclude Include="LoadLevelState.h">
      <Filter>Header Files</Filter>
    </ClInclude>
    <ClInclude Include="PatrolPointComponent.h">
      <Filter>Header Files</Filter>
    </ClInclude>
    <ClInclude Include="OnTriggerLock.h">
      <Filter>Puzzle\Lock\Components</Filter>
    </ClInclude>
    <ClInclude Include="OnLookLock.h">
      <Filter>Puzzle\Lock\Components</Filter>
    </ClInclude>
    <ClInclude Include="LeftClickDownLock.h">
      <Filter>Puzzle\Lock\Components</Filter>
    </ClInclude>
    <ClInclude Include="LockBehavior.h">
      <Filter>Puzzle\Lock\Base</Filter>
    </ClInclude>
    <ClInclude Include="RotateResponse.h">
      <Filter>Puzzle\Listener\Response\Components</Filter>
    </ClInclude>
    <ClInclude Include="PrintResponse.h">
      <Filter>Puzzle\Listener\Response\Components</Filter>
    </ClInclude>
    <ClInclude Include="MoveResponse.h">
      <Filter>Puzzle\Listener\Response\Components</Filter>
    </ClInclude>
    <ClInclude Include="InstantActivationLock.h">
      <Filter>Header Files</Filter>
    </ClInclude>
    <ClInclude Include="ResponseBehavior.h">
      <Filter>Puzzle\Listener\Response\Base</Filter>
    </ClInclude>
    <ClInclude Include="InteractionBehavior.h">
      <Filter>Puzzle</Filter>
    </ClInclude>
    <ClInclude Include="ActivationBehavior.h">
      <Filter>Puzzle\Key\Activation\Base</Filter>
    </ClInclude>
    <ClInclude Include="DestroyActivation.h">
      <Filter>Puzzle\Key\Activation\Components</Filter>
    </ClInclude>
    <ClInclude Include="MoveActivation.h">
      <Filter>Puzzle\Key\Activation\Components</Filter>
    </ClInclude>
    <ClInclude Include="RotateActivation.h">
      <Filter>Puzzle\Key\Activation\Components</Filter>
    </ClInclude>
    <ClInclude Include="AudioResponse.h">
      <Filter>Puzzle\Listener\Response\Components</Filter>
    </ClInclude>
    <ClInclude Include="ToggleResponse.h">
      <Filter>Puzzle\Listener\Response\Components</Filter>
    </ClInclude>
    <ClInclude Include="InstantActivationLock.h">
      <Filter>Puzzle\Lock\Components</Filter>
    </ClInclude>
    <ClInclude Include="ListenerBehavior.h">
      <Filter>Puzzle\Listener</Filter>
    </ClInclude>
    <ClInclude Include="KeyBehavior.h">
      <Filter>Puzzle\Key</Filter>
    </ClInclude>
    <ClInclude Include="AudioActivation.h">
      <Filter>Puzzle\Key\Activation\Components</Filter>
    </ClInclude>
    <ClInclude Include="TeleportActivation.h">
      <Filter>Puzzle\Key\Activation\Components</Filter>
    </ClInclude>
    <ClInclude Include="VoiceActivation.h">
      <Filter>Puzzle\Key\Activation\Components</Filter>
    </ClInclude>
    <ClInclude Include="VoiceResponse.h">
      <Filter>Puzzle\Listener\Response\Components</Filter>
    </ClInclude>
    <ClInclude Include="PuzzleSetting.h">
      <Filter>Puzzle</Filter>
    </ClInclude>
    <ClInclude Include="TeleportResponse.h">
      <Filter>Puzzle\Listener\Response\Components</Filter>
    </ClInclude>
    <ClInclude Include="LightActivation.h">
      <Filter>Header Files</Filter>
    </ClInclude>
    <ClInclude Include="EndEventComponent.h">
      <Filter>Header Files</Filter>
    </ClInclude>
    <ClInclude Include="EndEventData.h">
      <Filter>Header Files</Filter>
    </ClInclude>
    <ClInclude Include="PlayVFXActivation.h">
      <Filter>Header Files</Filter>
    </ClInclude>
    <ClInclude Include="PlayVFXResponse.h">
      <Filter>Header Files</Filter>
    </ClInclude>
    <ClInclude Include="LightFlickerResponse.h">
      <Filter>Puzzle\Listener\Response\Components</Filter>
    </ClInclude>
    <ClInclude Include="AddForceResponse.h">
      <Filter>Header Files</Filter>
    </ClInclude>
    <ClInclude Include="MoveObjectWithIDResponse.h">
      <Filter>Puzzle\Listener\Response\Components</Filter>
    </ClInclude>
    <ClInclude Include="MoveObjectWithIDActivation.h">
      <Filter>Puzzle\Key\Activation\Components</Filter>
    </ClInclude>
  </ItemGroup>
  <ItemGroup>
    <ClCompile Include="Game.cpp">
      <Filter>Source Files</Filter>
    </ClCompile>
    <ClCompile Include="stdafx.cpp">
      <Filter>Source Files</Filter>
    </ClCompile>
    <ClCompile Include="UnityFactory.cpp">
      <Filter>Source Files</Filter>
    </ClCompile>
    <ClCompile Include="InGameState.cpp">
      <Filter>State Stack</Filter>
    </ClCompile>
    <ClCompile Include="TokenPool.cpp">
      <Filter>Source Files</Filter>
    </ClCompile>
    <ClCompile Include="DialogueSystem.cpp">
      <Filter>Source Files</Filter>
    </ClCompile>
    <ClCompile Include="PopupTextService.cpp">
      <Filter>Source Files</Filter>
    </ClCompile>
    <ClCompile Include="CameraControllerComponent.cpp">
      <Filter>Source Files</Filter>
    </ClCompile>
    <ClCompile Include="CollisionEventComponent.cpp">
      <Filter>Source Files</Filter>
    </ClCompile>
    <ClCompile Include="NavMeshComponent.cpp">
      <Filter>Source Files</Filter>
    </ClCompile>
    <ClCompile Include="BinReader.cpp">
      <Filter>Source Files</Filter>
    </ClCompile>
    <ClCompile Include="PlayerControllerComponent.cpp">
      <Filter>Source Files</Filter>
    </ClCompile>
    <ClCompile Include="CharacterControllerComponent.cpp">
      <Filter>Source Files</Filter>
    </ClCompile>
    <ClCompile Include="AIController.cpp">
      <Filter>Source Files</Filter>
    </ClCompile>
    <ClCompile Include="EnemyComponent.cpp">
      <Filter>Source Files</Filter>
    </ClCompile>
    <ClCompile Include="GravityGloveComponent.cpp">
      <Filter>Source Files</Filter>
    </ClCompile>
    <ClCompile Include="BootUpState.cpp">
      <Filter>State Stack</Filter>
    </ClCompile>
    <ClCompile Include="PlayerComponent.cpp">
      <Filter>Source Files</Filter>
    </ClCompile>
    <ClCompile Include="MainMenuState.cpp">
      <Filter>State Stack</Filter>
    </ClCompile>
    <ClCompile Include="PauseMenuState.cpp">
      <Filter>Source Files</Filter>
    </ClCompile>
    <ClCompile Include="EnemyAnimationController.cpp">
      <Filter>Source Files</Filter>
    </ClCompile>
    <ClCompile Include="HealthPickupComponent.cpp">
      <Filter>Source Files</Filter>
    </ClCompile>
    <ClCompile Include="LoadLevelState.cpp">
      <Filter>Source Files</Filter>
    </ClCompile>
    <ClCompile Include="PatrolPointComponent.cpp">
      <Filter>Source Files</Filter>
    </ClCompile>
    <ClCompile Include="InteractionBehavior.cpp">
      <Filter>Puzzle</Filter>
    </ClCompile>
    <ClCompile Include="OnLookLock.cpp">
      <Filter>Puzzle\Lock\Components</Filter>
    </ClCompile>
    <ClCompile Include="OnTriggerLock.cpp">
      <Filter>Puzzle\Lock\Components</Filter>
    </ClCompile>
    <ClCompile Include="LeftClickDownLock.cpp">
      <Filter>Puzzle\Lock\Components</Filter>
    </ClCompile>
    <ClCompile Include="LockBehavior.cpp">
      <Filter>Puzzle\Lock\Base</Filter>
    </ClCompile>
    <ClCompile Include="RotateResponse.cpp">
      <Filter>Puzzle\Listener\Response\Components</Filter>
    </ClCompile>
    <ClCompile Include="PrintResponse.cpp">
      <Filter>Puzzle\Listener\Response\Components</Filter>
    </ClCompile>
    <ClCompile Include="MoveResponse.cpp">
      <Filter>Puzzle\Listener\Response\Components</Filter>
    </ClCompile>
    <ClCompile Include="InstantActivationLock.cpp">
      <Filter>Source Files</Filter>
    </ClCompile>
    <ClCompile Include="ResponseBehavior.cpp">
      <Filter>Puzzle\Listener\Response\Base</Filter>
    </ClCompile>
    <ClCompile Include="ActivationBehavior.cpp">
      <Filter>Puzzle\Key\Activation\Base</Filter>
    </ClCompile>
    <ClCompile Include="DestroyActivation.cpp">
      <Filter>Puzzle\Key\Activation\Components</Filter>
    </ClCompile>
    <ClCompile Include="MoveActivation.cpp">
      <Filter>Puzzle\Key\Activation\Components</Filter>
    </ClCompile>
    <ClCompile Include="RotateActivation.cpp">
      <Filter>Puzzle\Key\Activation\Components</Filter>
    </ClCompile>
    <ClCompile Include="ToggleResponse.cpp">
      <Filter>Puzzle\Listener\Response\Components</Filter>
    </ClCompile>
    <ClCompile Include="AudioResponse.cpp">
      <Filter>Puzzle\Listener\Response\Components</Filter>
    </ClCompile>
    <ClCompile Include="InstantActivationLock.cpp">
      <Filter>Puzzle\Lock\Components</Filter>
    </ClCompile>
    <ClCompile Include="ListenerBehavior.cpp">
      <Filter>Puzzle\Listener</Filter>
    </ClCompile>
    <ClCompile Include="KeyBehavior.cpp">
      <Filter>Puzzle\Key</Filter>
    </ClCompile>
    <ClCompile Include="AudioActivation.cpp">
      <Filter>Puzzle\Key\Activation\Components</Filter>
    </ClCompile>
    <ClCompile Include="TeleportActivation.cpp">
      <Filter>Puzzle\Key\Activation\Components</Filter>
    </ClCompile>
    <ClCompile Include="VoiceActivation.cpp">
      <Filter>Puzzle\Key\Activation\Components</Filter>
    </ClCompile>
    <ClCompile Include="VoiceResponse.cpp">
      <Filter>Puzzle\Listener\Response\Components</Filter>
    </ClCompile>
    <ClCompile Include="TeleportResponse.cpp">
      <Filter>Puzzle\Listener\Response\Components</Filter>
    </ClCompile>
    <ClCompile Include="LightActivation.cpp">
      <Filter>Source Files</Filter>
    </ClCompile>
    <ClCompile Include="EndEventComponent.cpp">
      <Filter>Source Files</Filter>
    </ClCompile>
    <ClCompile Include="PlayVFXActivation.cpp">
      <Filter>Source Files</Filter>
    </ClCompile>
    <ClCompile Include="PlayVFXResponse.cpp">
      <Filter>Source Files</Filter>
    </ClCompile>
    <ClCompile Include="LightFlickerResponse.cpp">
      <Filter>Puzzle\Listener\Response\Components</Filter>
    </ClCompile>
    <ClCompile Include="AddForceResponse.cpp">
      <Filter>Source Files</Filter>
    </ClCompile>
    <ClCompile Include="MoveObjectWithIDResponse.cpp">
      <Filter>Puzzle\Listener\Response\Components</Filter>
    </ClCompile>
    <ClCompile Include="MoveObjectWithIDActivation.cpp">
      <Filter>Puzzle\Key\Activation\Components</Filter>
    </ClCompile>
  </ItemGroup>
</Project>